
Microsoft Visual Studio Solution File, Format Version 12.00
# Visual Studio Version 16
VisualStudioVersion = 16.0.31702.278
MinimumVisualStudioVersion = 10.0.40219.1
Project("{8BC9CEB8-8B4A-11D0-8D11-00A0C91BC942}") = "Клиент", "Клиент\Клиент.vcxproj", "{0EAED017-639A-42FC-8D04-90E2E880F7D4}"
EndProject
Global
	GlobalSection(SolutionConfigurationPlatforms) = preSolution
		Debug|x64 = Debug|x64
		Debug|x86 = Debug|x86
		Release|x64 = Release|x64
		Release|x86 = Release|x86
	EndGlobalSection
	GlobalSection(ProjectConfigurationPlatforms) = postSolution
		{0EAED017-639A-42FC-8D04-90E2E880F7D4}.Debug|x64.ActiveCfg = Debug|x64
		{0EAED017-639A-42FC-8D04-90E2E880F7D4}.Debug|x64.Build.0 = Debug|x64
		{0EAED017-639A-42FC-8D04-90E2E880F7D4}.Debug|x86.ActiveCfg = Debug|Win32
		{0EAED017-639A-42FC-8D04-90E2E880F7D4}.Debug|x86.Build.0 = Debug|Win32
		{0EAED017-639A-42FC-8D04-90E2E880F7D4}.Release|x64.ActiveCfg = Release|x64
		{0EAED017-639A-42FC-8D04-90E2E880F7D4}.Release|x64.Build.0 = Release|x64
		{0EAED017-639A-42FC-8D04-90E2E880F7D4}.Release|x86.ActiveCfg = Release|Win32
		{0EAED017-639A-42FC-8D04-90E2E880F7D4}.Release|x86.Build.0 = Release|Win32
	EndGlobalSection
	GlobalSection(SolutionProperties) = preSolution
		HideSolutionNode = FALSE
	EndGlobalSection
	GlobalSection(ExtensibilityGlobals) = postSolution
		SolutionGuid = {9B5DBD73-F1FC-4F25-8B4B-499E2FFEDD1B}
	EndGlobalSection
EndGlobal
